
Microsoft Visual Studio Solution File, Format Version 12.00
# Visual Studio Version 17
VisualStudioVersion = 17.0.31903.59
MinimumVisualStudioVersion = 10.0.40219.1
Project("{FAE04EC0-301F-11D3-BF4B-00C04F79EFBC}") = "FpGuardExample", "FpGuardExample\FpGuardExample.csproj", "{02003B00-4AE8-440B-932B-9AE18637E5F9}"
EndProject
Project("{FAE04EC0-301F-11D3-BF4B-00C04F79EFBC}") = "TestFpGuardExample", "TestFpGuardExample\TestFpGuardExample.csproj", "{C8B1707D-1225-4CB5-B4B0-2D295A9F541B}"
EndProject
Global
	GlobalSection(SolutionConfigurationPlatforms) = preSolution
		Debug|Any CPU = Debug|Any CPU
		Release|Any CPU = Release|Any CPU
	EndGlobalSection
	GlobalSection(SolutionProperties) = preSolution
		HideSolutionNode = FALSE
	EndGlobalSection
	GlobalSection(ProjectConfigurationPlatforms) = postSolution
		{02003B00-4AE8-440B-932B-9AE18637E5F9}.Debug|Any CPU.ActiveCfg = Debug|Any CPU
		{02003B00-4AE8-440B-932B-9AE18637E5F9}.Debug|Any CPU.Build.0 = Debug|Any CPU
		{02003B00-4AE8-440B-932B-9AE18637E5F9}.Release|Any CPU.ActiveCfg = Release|Any CPU
		{02003B00-4AE8-440B-932B-9AE18637E5F9}.Release|Any CPU.Build.0 = Release|Any CPU
		{C8B1707D-1225-4CB5-B4B0-2D295A9F541B}.Debug|Any CPU.ActiveCfg = Debug|Any CPU
		{C8B1707D-1225-4CB5-B4B0-2D295A9F541B}.Debug|Any CPU.Build.0 = Debug|Any CPU
		{C8B1707D-1225-4CB5-B4B0-2D295A9F541B}.Release|Any CPU.ActiveCfg = Release|Any CPU
		{C8B1707D-1225-4CB5-B4B0-2D295A9F541B}.Release|Any CPU.Build.0 = Release|Any CPU
	EndGlobalSection
EndGlobal
